
Microsoft Visual Studio Solution File, Format Version 12.00
# Visual Studio Version 17
VisualStudioVersion = 17.3.32901.215
MinimumVisualStudioVersion = 10.0.40219.1
Project("{FAE04EC0-301F-11D3-BF4B-00C04F79EFBC}") = "TestCalculator", "TestCalculator\TestCalculator.csproj", "{73FDA461-1D8E-4818-B5D5-51B83D8AF330}"
EndProject
Global
	GlobalSection(SolutionConfigurationPlatforms) = preSolution
		Debug|Any CPU = Debug|Any CPU
		Release|Any CPU = Release|Any CPU
	EndGlobalSection
	GlobalSection(ProjectConfigurationPlatforms) = postSolution
		{73FDA461-1D8E-4818-B5D5-51B83D8AF330}.Debug|Any CPU.ActiveCfg = Debug|Any CPU
		{73FDA461-1D8E-4818-B5D5-51B83D8AF330}.Debug|Any CPU.Build.0 = Debug|Any CPU
		{73FDA461-1D8E-4818-B5D5-51B83D8AF330}.Release|Any CPU.ActiveCfg = Release|Any CPU
		{73FDA461-1D8E-4818-B5D5-51B83D8AF330}.Release|Any CPU.Build.0 = Release|Any CPU
	EndGlobalSection
	GlobalSection(SolutionProperties) = preSolution
		HideSolutionNode = FALSE
	EndGlobalSection
	GlobalSection(ExtensibilityGlobals) = postSolution
		SolutionGuid = {5CAA9BEC-724F-4DA4-946D-5CEFDABA68F2}
	EndGlobalSection
EndGlobal
